// !$*UTF8*$!
{
	archiveVersion = 1;
	classes = {
	};
	objectVersion = 56;
	objects = {

/* Begin PBXBuildFile section */
		EAF1394829B5EF4200BC0D4C /* ResourcePath.mm in Sources */ = {isa = PBXBuildFile; fileRef = EAF1394729B5EF4200BC0D4C /* ResourcePath.mm */; };
		EAF1394B29B5EF4200BC0D4C /* main.cpp in Sources */ = {isa = PBXBuildFile; fileRef = EAF1394A29B5EF4200BC0D4C /* main.cpp */; };
		EAF1395D29B5EFFB00BC0D4C /* background.png in Resources */ = {isa = PBXBuildFile; fileRef = EAF1395A29B5EFFB00BC0D4C /* background.png */; };
		EAF1395E29B5EFFB00BC0D4C /* map.txt in Resources */ = {isa = PBXBuildFile; fileRef = EAF1395B29B5EFFB00BC0D4C /* map.txt */; };
		EAF1395F29B5EFFB00BC0D4C /* tiles.png in Resources */ = {isa = PBXBuildFile; fileRef = EAF1395C29B5EFFB00BC0D4C /* tiles.png */; };
/* End PBXBuildFile section */

/* Begin PBXFileReference section */
		EAF1394229B5EF4200BC0D4C /* Risky.app */ = {isa = PBXFileReference; explicitFileType = wrapper.application; includeInIndex = 0; path = Risky.app; sourceTree = BUILT_PRODUCTS_DIR; };
		EAF1394629B5EF4200BC0D4C /* Risky-Info.plist */ = {isa = PBXFileReference; lastKnownFileType = text.plist.xml; name = "Risky-Info.plist"; path = "../Risky-Info.plist"; sourceTree = "<group>"; };
		EAF1394729B5EF4200BC0D4C /* ResourcePath.mm */ = {isa = PBXFileReference; lastKnownFileType = sourcecode.cpp.objcpp; path = ResourcePath.mm; sourceTree = "<group>"; };
		EAF1394929B5EF4200BC0D4C /* ResourcePath.hpp */ = {isa = PBXFileReference; lastKnownFileType = sourcecode.cpp.h; path = ResourcePath.hpp; sourceTree = "<group>"; };
		EAF1394A29B5EF4200BC0D4C /* main.cpp */ = {isa = PBXFileReference; lastKnownFileType = sourcecode.cpp.cpp; path = main.cpp; sourceTree = "<group>"; };
		EAF1395A29B5EFFB00BC0D4C /* background.png */ = {isa = PBXFileReference; lastKnownFileType = image.png; name = background.png; path = "../../../../Downloads/16_Games/12 Mahjong Solitaire/files/background.png"; sourceTree = "<group>"; };
		EAF1395B29B5EFFB00BC0D4C /* map.txt */ = {isa = PBXFileReference; fileEncoding = 4; lastKnownFileType = text; name = map.txt; path = "../../../../Downloads/16_Games/12 Mahjong Solitaire/files/map.txt"; sourceTree = "<group>"; };
		EAF1395C29B5EFFB00BC0D4C /* tiles.png */ = {isa = PBXFileReference; lastKnownFileType = image.png; name = tiles.png; path = "../../../../Downloads/16_Games/12 Mahjong Solitaire/files/tiles.png"; sourceTree = "<group>"; };
/* End PBXFileReference section */

/* Begin PBXFrameworksBuildPhase section */
		EAF1393E29B5EF4200BC0D4C /* Frameworks */ = {
			isa = PBXFrameworksBuildPhase;
			buildActionMask = 2147483647;
			files = (
			);
			runOnlyForDeploymentPostprocessing = 0;
		};
/* End PBXFrameworksBuildPhase section */

/* Begin PBXGroup section */
		EAF1393829B5EF4200BC0D4C = {
			isa = PBXGroup;
			children = (
				EAF1394429B5EF4200BC0D4C /* Risky */,
				EAF1394529B5EF4200BC0D4C /* Supporting Files */,
				EAF1394329B5EF4200BC0D4C /* Products */,
			);
			sourceTree = "<group>";
		};
		EAF1394329B5EF4200BC0D4C /* Products */ = {
			isa = PBXGroup;
			children = (
				EAF1394229B5EF4200BC0D4C /* Risky.app */,
			);
			name = Products;
			sourceTree = "<group>";
		};
		EAF1394429B5EF4200BC0D4C /* Risky */ = {
			isa = PBXGroup;
			children = (
				EAF1394A29B5EF4200BC0D4C /* main.cpp */,
				EAF1394729B5EF4200BC0D4C /* ResourcePath.mm */,
				EAF1394929B5EF4200BC0D4C /* ResourcePath.hpp */,
				EAF1394C29B5EF4200BC0D4C /* Resources */,
			);
			path = Risky;
			sourceTree = "<group>";
		};
		EAF1394529B5EF4200BC0D4C /* Supporting Files */ = {
			isa = PBXGroup;
			children = (
				EAF1394629B5EF4200BC0D4C /* Risky-Info.plist */,
			);
			name = "Supporting Files";
			path = "Risky/Supporting Files";
			sourceTree = "<group>";
		};
		EAF1394C29B5EF4200BC0D4C /* Resources */ = {
			isa = PBXGroup;
			children = (
				EAF1395A29B5EFFB00BC0D4C /* background.png */,
				EAF1395B29B5EFFB00BC0D4C /* map.txt */,
				EAF1395C29B5EFFB00BC0D4C /* tiles.png */,
			);
			path = Resources;
			sourceTree = "<group>";
		};
/* End PBXGroup section */

/* Begin PBXNativeTarget section */
		EAF1394129B5EF4200BC0D4C /* Risky */ = {
			isa = PBXNativeTarget;
			buildConfigurationList = EAF1395729B5EF4200BC0D4C /* Build configuration list for PBXNativeTarget "Risky" */;
			buildPhases = (
				EAF1393D29B5EF4200BC0D4C /* Sources */,
				EAF1393E29B5EF4200BC0D4C /* Frameworks */,
				EAF1393F29B5EF4200BC0D4C /* Resources */,
				EAF1394029B5EF4200BC0D4C /* ShellScript */,
			);
			buildRules = (
			);
			dependencies = (
			);
			name = Risky;
			productName = Risky;
			productReference = EAF1394229B5EF4200BC0D4C /* Risky.app */;
			productType = "com.apple.product-type.application";
		};
/* End PBXNativeTarget section */

/* Begin PBXProject section */
		EAF1393929B5EF4200BC0D4C /* Project object */ = {
			isa = PBXProject;
			attributes = {
				BuildIndependentTargetsInParallel = 1;
				LastUpgradeCheck = 1420;
				ORGANIZATIONNAME = "Nattapon Chanaveroj";
				TargetAttributes = {
					EAF1394129B5EF4200BC0D4C = {
						CreatedOnToolsVersion = 14.2;
					};
				};
			};
			buildConfigurationList = EAF1393C29B5EF4200BC0D4C /* Build configuration list for PBXProject "Risky" */;
			compatibilityVersion = "Xcode 14.0";
			developmentRegion = en;
			hasScannedForEncodings = 0;
			knownRegions = (
				en,
				Base,
			);
			mainGroup = EAF1393829B5EF4200BC0D4C;
			productRefGroup = EAF1394329B5EF4200BC0D4C /* Products */;
			projectDirPath = "";
			projectRoot = "";
			targets = (
				EAF1394129B5EF4200BC0D4C /* Risky */,
			);
		};
/* End PBXProject section */

/* Begin PBXResourcesBuildPhase section */
		EAF1393F29B5EF4200BC0D4C /* Resources */ = {
			isa = PBXResourcesBuildPhase;
			buildActionMask = 2147483647;
			files = (
				EAF1395D29B5EFFB00BC0D4C /* background.png in Resources */,
				EAF1395E29B5EFFB00BC0D4C /* map.txt in Resources */,
				EAF1395F29B5EFFB00BC0D4C /* tiles.png in Resources */,
			);
			runOnlyForDeploymentPostprocessing = 0;
		};
/* End PBXResourcesBuildPhase section */

/* Begin PBXShellScriptBuildPhase section */
		EAF1394029B5EF4200BC0D4C /* ShellScript */ = {
			isa = PBXShellScriptBuildPhase;
			buildActionMask = 8;
			files = (
			);
			inputFileListPaths = (
			);
			inputPaths = (
			);
			outputFileListPaths = (
			);
			outputPaths = (
			);
			runOnlyForDeploymentPostprocessing = 1;
			shellPath = /bin/sh;
			shellScript = "# This shell script simply copies required SFML dylibs/frameworks into the application bundle frameworks folder.\n# If you're using static libraries (which is not recommended) you should remove this script from your project.\n\n# SETTINGS\nSFML_DEPENDENCIES_INSTALL_PREFIX=\"/Users/SFML/Desktop/packaging/tmp/install/Library/Frameworks\"\nCMAKE_INSTALL_FRAMEWORK_PREFIX=\"/Users/SFML/Desktop/packaging/tmp/install/Library/Frameworks\"\nCMAKE_INSTALL_LIB_PREFIX=\"/Users/SFML/Desktop/packaging/tmp/install/Library/Frameworks/lib\"\nFRAMEWORKS_FULL_PATH=\"$BUILT_PRODUCTS_DIR/$FRAMEWORKS_FOLDER_PATH/\"\n\n# Are we building a project that uses frameworks or dylibs?\ncase \"$SFML_BINARY_TYPE\" in\n    DYLIBS)\n        frameworks=\"false\"\n        ;;\n    *)\n        frameworks=\"true\"\n        ;;\nesac\n\n# Echoes to stderr\nerror () # $* message to display\n{\n    echo $* 1>&2\n    exit 2\n}\n\nassert () # $1 is a boolean, $2...N is an error message\n{\n    if [ $# -lt 2 ]\n    then\n        error \"Internal error in assert: not enough args\"\n    fi\n\n    if [ $1 -ne 0 ]\n    then\n        shift\n        error \"$*\"\n    fi\n}\n\nforce_remove () # $@ is some paths\n{\n    test $# -ge 1\n    assert $? \"force_remove() requires at least one parameter\"\n    rm -fr $@\n    assert $? \"couldn't remove $@\"\n}\n\ncopy () # $1 is a source, $2 is a destination\n{\n    test $# -eq 2\n    assert $? \"copy() requires two parameters\"\n    ditto \"$1\" \"$2\"\n    assert $? \"couldn't copy $1 to $2\"\n}\n\nrequire () # $1 is a SFML module like 'system' or 'audio'\n{\n    dest=\"$BUILT_PRODUCTS_DIR/$FRAMEWORKS_FOLDER_PATH/\"\n\n    if [ -z \"$1\" ]\n    then\n        error \"require() requires one parameter!\"\n    else\n        # clean potentially old stuff\n        force_remove \"$dest/libsfml-$1\"*\n        force_remove \"$dest/sfml-$1.framework\"\n\n        # copy SFML libraries\n        if [ \"$frameworks\" = \"true\" ]\n        then\n            source=\"$CMAKE_INSTALL_FRAMEWORK_PREFIX/sfml-$1.framework\"\n            target=\"sfml-$1.framework\"\n        elif [ \"$SFML_LINK_DYLIBS_SUFFIX\" = \"-d\" ]\n        then\n            source=\"$CMAKE_INSTALL_LIB_PREFIX/libsfml-$1-d.dylib\"\n            target=\"`readlink $source`\"\n        else\n            source=\"$CMAKE_INSTALL_LIB_PREFIX/libsfml-$1.dylib\"\n            target=\"`readlink $source`\"\n        fi\n\n        copy \"$source\" \"$dest/$target\"\n\n        # copy extra dependencies\n        if [ \"$1\" = \"audio\" ]\n        then\n            # copy \"FLAC\" \"ogg\" \"vorbis\" \"vorbisenc\" \"vorbisfile\" \"OpenAL\" frameworks too\n            for f in \"FLAC\" \"ogg\" \"vorbis\" \"vorbisenc\" \"vorbisfile\" \"OpenAL\"\n            do\n                copy \"$SFML_DEPENDENCIES_INSTALL_PREFIX/$f.framework\" \"$dest/$f.framework\"\n            done\n        elif [ \"$1\" = \"graphics\" ]\n        then\n            copy \"$SFML_DEPENDENCIES_INSTALL_PREFIX/freetype.framework\" \"$dest/freetype.framework\"\n        fi\n    fi\n}\n\nif [ -n \"$SFML_SYSTEM\" ]\nthen\n    require \"system\"\nfi\n\nif [ -n \"$SFML_AUDIO\" ]\nthen\n    require \"audio\"\nfi\n\nif [ -n \"$SFML_NETWORK\" ]\nthen\n    require \"network\"\nfi\n\nif [ -n \"$SFML_WINDOW\" ]\nthen\n    require \"window\"\nfi\n\nif [ -n \"$SFML_GRAPHICS\" ]\nthen\n    require \"graphics\"\nfi\n\n                \n";
		};
/* End PBXShellScriptBuildPhase section */

/* Begin PBXSourcesBuildPhase section */
		EAF1393D29B5EF4200BC0D4C /* Sources */ = {
			isa = PBXSourcesBuildPhase;
			buildActionMask = 2147483647;
			files = (
				EAF1394B29B5EF4200BC0D4C /* main.cpp in Sources */,
				EAF1394829B5EF4200BC0D4C /* ResourcePath.mm in Sources */,
			);
			runOnlyForDeploymentPostprocessing = 0;
		};
/* End PBXSourcesBuildPhase section */

/* Begin XCBuildConfiguration section */
		EAF1395529B5EF4200BC0D4C /* Debug */ = {
			isa = XCBuildConfiguration;
			buildSettings = {
				ARCHS = "$(NATIVE_ARCH_ACTUAL)";
				CLANG_CXX_LANGUAGE_STANDARD = "c++11";
				CLANG_CXX_LIBRARY = "libc++";
				FRAMEWORK_SEARCH_PATHS = (
					/Library/Frameworks/,
					"$(inherited)",
				);
				GCC_VERSION = com.apple.compilers.llvm.clang.1_0;
				HEADER_SEARCH_PATHS = (
					/usr/local/include/,
					"$(inherited)",
				);
				LIBRARY_SEARCH_PATHS = (
					/usr/local/lib/,
					"$(inherited)",
				);
				MACOSX_DEPLOYMENT_TARGET = 10.7;
				OTHER_LDFLAGS = (
					"$(inherited)",
					"$(SFML_SYSTEM)",
					"$(SFML_WINDOW)",
					"$(SFML_GRAPHICS)",
					"$(SFML_AUDIO)",
					"$(SFML_NETWORK)",
				);
				SFML_AUDIO = "$(SFML_LINK_PREFIX) sfml-audio$(SFML_LINK_SUFFIX)";
				SFML_BINARY_TYPE = FRAMEWORKS;
				SFML_GRAPHICS = "$(SFML_LINK_PREFIX) sfml-graphics$(SFML_LINK_SUFFIX)";
				SFML_LINK_DYLIBS_PREFIX = "-l";
				SFML_LINK_DYLIBS_SUFFIX = "";
				SFML_LINK_FRAMEWORKS_PREFIX = "-framework";
				SFML_LINK_FRAMEWORKS_SUFFIX = "";
				SFML_LINK_PREFIX = "$(SFML_LINK_$(SFML_BINARY_TYPE)_PREFIX)";
				SFML_LINK_SUFFIX = "$(SFML_LINK_$(SFML_BINARY_TYPE)_SUFFIX)";
				SFML_NETWORK = "";
				SFML_SYSTEM = "$(SFML_LINK_PREFIX) sfml-system$(SFML_LINK_SUFFIX)";
				SFML_WINDOW = "$(SFML_LINK_PREFIX) sfml-window$(SFML_LINK_SUFFIX)";
				SUPPORTED_PLATFORMS = macosx;
			};
			name = Debug;
		};
		EAF1395629B5EF4200BC0D4C /* Release */ = {
			isa = XCBuildConfiguration;
			buildSettings = {
				ARCHS = "$(NATIVE_ARCH_ACTUAL)";
				CLANG_CXX_LANGUAGE_STANDARD = "c++11";
				CLANG_CXX_LIBRARY = "libc++";
				FRAMEWORK_SEARCH_PATHS = (
					/Library/Frameworks/,
					"$(inherited)",
				);
				GCC_VERSION = com.apple.compilers.llvm.clang.1_0;
				HEADER_SEARCH_PATHS = (
					/usr/local/include/,
					"$(inherited)",
				);
				LIBRARY_SEARCH_PATHS = (
					/usr/local/lib/,
					"$(inherited)",
				);
				MACOSX_DEPLOYMENT_TARGET = 10.7;
				OTHER_LDFLAGS = (
					"$(inherited)",
					"$(SFML_SYSTEM)",
					"$(SFML_WINDOW)",
					"$(SFML_GRAPHICS)",
					"$(SFML_AUDIO)",
					"$(SFML_NETWORK)",
				);
				SFML_AUDIO = "$(SFML_LINK_PREFIX) sfml-audio$(SFML_LINK_SUFFIX)";
				SFML_BINARY_TYPE = FRAMEWORKS;
				SFML_GRAPHICS = "$(SFML_LINK_PREFIX) sfml-graphics$(SFML_LINK_SUFFIX)";
				SFML_LINK_DYLIBS_PREFIX = "-l";
				SFML_LINK_DYLIBS_SUFFIX = "";
				SFML_LINK_FRAMEWORKS_PREFIX = "-framework";
				SFML_LINK_FRAMEWORKS_SUFFIX = "";
				SFML_LINK_PREFIX = "$(SFML_LINK_$(SFML_BINARY_TYPE)_PREFIX)";
				SFML_LINK_SUFFIX = "$(SFML_LINK_$(SFML_BINARY_TYPE)_SUFFIX)";
				SFML_NETWORK = "";
				SFML_SYSTEM = "$(SFML_LINK_PREFIX) sfml-system$(SFML_LINK_SUFFIX)";
				SFML_WINDOW = "$(SFML_LINK_PREFIX) sfml-window$(SFML_LINK_SUFFIX)";
				SUPPORTED_PLATFORMS = macosx;
			};
			name = Release;
		};
		EAF1395829B5EF4200BC0D4C /* Debug */ = {
			isa = XCBuildConfiguration;
			buildSettings = {
				ARCHS = "$(ARCHS_STANDARD)";
				CODE_SIGN_STYLE = Automatic;
				EXCLUDED_ARCHS = arm64;
				INFOPLIST_FILE = "Risky/Risky-Info.plist";
				LD_RUNPATH_SEARCH_PATHS = "@loader_path/../Frameworks";
				MACOSX_DEPLOYMENT_TARGET = "$(RECOMMENDED_MACOSX_DEPLOYMENT_TARGET)";
				PRODUCT_BUNDLE_IDENTIFIER = Tony.ff;
				PRODUCT_NAME = "$(TARGET_NAME)";
			};
			name = Debug;
		};
		EAF1395929B5EF4200BC0D4C /* Release */ = {
			isa = XCBuildConfiguration;
			buildSettings = {
				ARCHS = "$(ARCHS_STANDARD)";
				CODE_SIGN_STYLE = Automatic;
				EXCLUDED_ARCHS = arm64;
				INFOPLIST_FILE = "Risky/Risky-Info.plist";
				LD_RUNPATH_SEARCH_PATHS = "@loader_path/../Frameworks";
				MACOSX_DEPLOYMENT_TARGET = "$(RECOMMENDED_MACOSX_DEPLOYMENT_TARGET)";
				PRODUCT_BUNDLE_IDENTIFIER = Tony.ff;
				PRODUCT_NAME = "$(TARGET_NAME)";
			};
			name = Release;
		};
/* End XCBuildConfiguration section */

/* Begin XCConfigurationList section */
		EAF1393C29B5EF4200BC0D4C /* Build configuration list for PBXProject "Risky" */ = {
			isa = XCConfigurationList;
			buildConfigurations = (
				EAF1395529B5EF4200BC0D4C /* Debug */,
				EAF1395629B5EF4200BC0D4C /* Release */,
			);
			defaultConfigurationIsVisible = 0;
			defaultConfigurationName = Release;
		};
		EAF1395729B5EF4200BC0D4C /* Build configuration list for PBXNativeTarget "Risky" */ = {
			isa = XCConfigurationList;
			buildConfigurations = (
				EAF1395829B5EF4200BC0D4C /* Debug */,
				EAF1395929B5EF4200BC0D4C /* Release */,
			);
			defaultConfigurationIsVisible = 0;
			defaultConfigurationName = Release;
		};
/* End XCConfigurationList section */
	};
	rootObject = EAF1393929B5EF4200BC0D4C /* Project object */;
}
